
Microsoft Visual Studio Solution File, Format Version 12.00
# Visual Studio 15
VisualStudioVersion = 15.0.28307.852
MinimumVisualStudioVersion = 10.0.40219.1
Project("{FAE04EC0-301F-11D3-BF4B-00C04F79EFBC}") = "UsingListview.Android", "UsingListview\UsingListview.Android\UsingListview.Android.csproj", "{5FD4C952-30B7-4369-BB77-9F02831451AE}"
EndProject
Project("{FAE04EC0-301F-11D3-BF4B-00C04F79EFBC}") = "UsingListview.iOS", "UsingListview\UsingListview.iOS\UsingListview.iOS.csproj", "{905E3FDA-3347-40C5-ABD3-1BC850B93A95}"
EndProject
Project("{FAE04EC0-301F-11D3-BF4B-00C04F79EFBC}") = "UsingListview", "UsingListview\UsingListview\UsingListview.csproj", "{5C7AD5D5-F3D2-4E3A-8C11-66087EF09683}"
EndProject
Global
	GlobalSection(SolutionConfigurationPlatforms) = preSolution
		Ad-Hoc|Any CPU = Ad-Hoc|Any CPU
		Ad-Hoc|iPhone = Ad-Hoc|iPhone
		Ad-Hoc|iPhoneSimulator = Ad-Hoc|iPhoneSimulator
		AppStore|Any CPU = AppStore|Any CPU
		AppStore|iPhone = AppStore|iPhone
		AppStore|iPhoneSimulator = AppStore|iPhoneSimulator
		Debug|Any CPU = Debug|Any CPU
		Debug|iPhone = Debug|iPhone
		Debug|iPhoneSimulator = Debug|iPhoneSimulator
		Release|Any CPU = Release|Any CPU
		Release|iPhone = Release|iPhone
		Release|iPhoneSimulator = Release|iPhoneSimulator
	EndGlobalSection
	GlobalSection(ProjectConfigurationPlatforms) = postSolution
		{5FD4C952-30B7-4369-BB77-9F02831451AE}.Ad-Hoc|Any CPU.ActiveCfg = Release|Any CPU
		{5FD4C952-30B7-4369-BB77-9F02831451AE}.Ad-Hoc|Any CPU.Build.0 = Release|Any CPU
		{5FD4C952-30B7-4369-BB77-9F02831451AE}.Ad-Hoc|Any CPU.Deploy.0 = Release|Any CPU
		{5FD4C952-30B7-4369-BB77-9F02831451AE}.Ad-Hoc|iPhone.ActiveCfg = Release|Any CPU
		{5FD4C952-30B7-4369-BB77-9F02831451AE}.Ad-Hoc|iPhone.Build.0 = Release|Any CPU
		{5FD4C952-30B7-4369-BB77-9F02831451AE}.Ad-Hoc|iPhone.Deploy.0 = Release|Any CPU
		{5FD4C952-30B7-4369-BB77-9F02831451AE}.Ad-Hoc|iPhoneSimulator.ActiveCfg = Release|Any CPU
		{5FD4C952-30B7-4369-BB77-9F02831451AE}.Ad-Hoc|iPhoneSimulator.Build.0 = Release|Any CPU
		{5FD4C952-30B7-4369-BB77-9F02831451AE}.Ad-Hoc|iPhoneSimulator.Deploy.0 = Release|Any CPU
		{5FD4C952-30B7-4369-BB77-9F02831451AE}.AppStore|Any CPU.ActiveCfg = Release|Any CPU
		{5FD4C952-30B7-4369-BB77-9F02831451AE}.AppStore|Any CPU.Build.0 = Release|Any CPU
		{5FD4C952-30B7-4369-BB77-9F02831451AE}.AppStore|Any CPU.Deploy.0 = Release|Any CPU
		{5FD4C952-30B7-4369-BB77-9F02831451AE}.AppStore|iPhone.ActiveCfg = Release|Any CPU
		{5FD4C952-30B7-4369-BB77-9F02831451AE}.AppStore|iPhone.Build.0 = Release|Any CPU
		{5FD4C952-30B7-4369-BB77-9F02831451AE}.AppStore|iPhone.Deploy.0 = Release|Any CPU
		{5FD4C952-30B7-4369-BB77-9F02831451AE}.AppStore|iPhoneSimulator.ActiveCfg = Release|Any CPU
		{5FD4C952-30B7-4369-BB77-9F02831451AE}.AppStore|iPhoneSimulator.Build.0 = Release|Any CPU
		{5FD4C952-30B7-4369-BB77-9F02831451AE}.AppStore|iPhoneSimulator.Deploy.0 = Release|Any CPU
		{5FD4C952-30B7-4369-BB77-9F02831451AE}.Debug|Any CPU.ActiveCfg = Debug|Any CPU
		{5FD4C952-30B7-4369-BB77-9F02831451AE}.Debug|Any CPU.Build.0 = Debug|Any CPU
		{5FD4C952-30B7-4369-BB77-9F02831451AE}.Debug|Any CPU.Deploy.0 = Debug|Any CPU
		{5FD4C952-30B7-4369-BB77-9F02831451AE}.Debug|iPhone.ActiveCfg = Debug|Any CPU
		{5FD4C952-30B7-4369-BB77-9F02831451AE}.Debug|iPhone.Build.0 = Debug|Any CPU
		{5FD4C952-30B7-4369-BB77-9F02831451AE}.Debug|iPhone.Deploy.0 = Debug|Any CPU
		{5FD4C952-30B7-4369-BB77-9F02831451AE}.Debug|iPhoneSimulator.ActiveCfg = Debug|Any CPU
		{5FD4C952-30B7-4369-BB77-9F02831451AE}.Debug|iPhoneSimulator.Build.0 = Debug|Any CPU
		{5FD4C952-30B7-4369-BB77-9F02831451AE}.Debug|iPhoneSimulator.Deploy.0 = Debug|Any CPU
		{5FD4C952-30B7-4369-BB77-9F02831451AE}.Release|Any CPU.ActiveCfg = Release|Any CPU
		{5FD4C952-30B7-4369-BB77-9F02831451AE}.Release|Any CPU.Build.0 = Release|Any CPU
		{5FD4C952-30B7-4369-BB77-9F02831451AE}.Release|Any CPU.Deploy.0 = Release|Any CPU
		{5FD4C952-30B7-4369-BB77-9F02831451AE}.Release|iPhone.ActiveCfg = Release|Any CPU
		{5FD4C952-30B7-4369-BB77-9F02831451AE}.Release|iPhone.Build.0 = Release|Any CPU
		{5FD4C952-30B7-4369-BB77-9F02831451AE}.Release|iPhone.Deploy.0 = Release|Any CPU
		{5FD4C952-30B7-4369-BB77-9F02831451AE}.Release|iPhoneSimulator.ActiveCfg = Release|Any CPU
		{5FD4C952-30B7-4369-BB77-9F02831451AE}.Release|iPhoneSimulator.Build.0 = Release|Any CPU
		{5FD4C952-30B7-4369-BB77-9F02831451AE}.Release|iPhoneSimulator.Deploy.0 = Release|Any CPU
		{905E3FDA-3347-40C5-ABD3-1BC850B93A95}.Ad-Hoc|Any CPU.ActiveCfg = Ad-Hoc|iPhone
		{905E3FDA-3347-40C5-ABD3-1BC850B93A95}.Ad-Hoc|Any CPU.Build.0 = Ad-Hoc|iPhone
		{905E3FDA-3347-40C5-ABD3-1BC850B93A95}.Ad-Hoc|Any CPU.Deploy.0 = Ad-Hoc|iPhone
		{905E3FDA-3347-40C5-ABD3-1BC850B93A95}.Ad-Hoc|iPhone.ActiveCfg = Ad-Hoc|iPhone
		{905E3FDA-3347-40C5-ABD3-1BC850B93A95}.Ad-Hoc|iPhone.Build.0 = Ad-Hoc|iPhone
		{905E3FDA-3347-40C5-ABD3-1BC850B93A95}.Ad-Hoc|iPhone.Deploy.0 = Ad-Hoc|iPhone
		{905E3FDA-3347-40C5-ABD3-1BC850B93A95}.Ad-Hoc|iPhoneSimulator.ActiveCfg = Ad-Hoc|iPhoneSimulator
		{905E3FDA-3347-40C5-ABD3-1BC850B93A95}.Ad-Hoc|iPhoneSimulator.Build.0 = Ad-Hoc|iPhoneSimulator
		{905E3FDA-3347-40C5-ABD3-1BC850B93A95}.Ad-Hoc|iPhoneSimulator.Deploy.0 = Ad-Hoc|iPhoneSimulator
		{905E3FDA-3347-40C5-ABD3-1BC850B93A95}.AppStore|Any CPU.ActiveCfg = AppStore|iPhone
		{905E3FDA-3347-40C5-ABD3-1BC850B93A95}.AppStore|Any CPU.Build.0 = AppStore|iPhone
		{905E3FDA-3347-40C5-ABD3-1BC850B93A95}.AppStore|Any CPU.Deploy.0 = AppStore|iPhone
		{905E3FDA-3347-40C5-ABD3-1BC850B93A95}.AppStore|iPhone.ActiveCfg = AppStore|iPhone
		{905E3FDA-3347-40C5-ABD3-1BC850B93A95}.AppStore|iPhone.Build.0 = AppStore|iPhone
		{905E3FDA-3347-40C5-ABD3-1BC850B93A95}.AppStore|iPhone.Deploy.0 = AppStore|iPhone
		{905E3FDA-3347-40C5-ABD3-1BC850B93A95}.AppStore|iPhoneSimulator.ActiveCfg = AppStore|iPhoneSimulator
		{905E3FDA-3347-40C5-ABD3-1BC850B93A95}.AppStore|iPhoneSimulator.Build.0 = AppStore|iPhoneSimulator
		{905E3FDA-3347-40C5-ABD3-1BC850B93A95}.AppStore|iPhoneSimulator.Deploy.0 = AppStore|iPhoneSimulator
		{905E3FDA-3347-40C5-ABD3-1BC850B93A95}.Debug|Any CPU.ActiveCfg = Debug|iPhoneSimulator
		{905E3FDA-3347-40C5-ABD3-1BC850B93A95}.Debug|Any CPU.Build.0 = Debug|iPhoneSimulator
		{905E3FDA-3347-40C5-ABD3-1BC850B93A95}.Debug|Any CPU.Deploy.0 = Debug|iPhoneSimulator
		{905E3FDA-3347-40C5-ABD3-1BC850B93A95}.Debug|iPhone.ActiveCfg = Debug|iPhone
		{905E3FDA-3347-40C5-ABD3-1BC850B93A95}.Debug|iPhone.Build.0 = Debug|iPhone
		{905E3FDA-3347-40C5-ABD3-1BC850B93A95}.Debug|iPhone.Deploy.0 = Debug|iPhone
		{905E3FDA-3347-40C5-ABD3-1BC850B93A95}.Debug|iPhoneSimulator.ActiveCfg = Debug|iPhoneSimulator
		{905E3FDA-3347-40C5-ABD3-1BC850B93A95}.Debug|iPhoneSimulator.Build.0 = Debug|iPhoneSimulator
		{905E3FDA-3347-40C5-ABD3-1BC850B93A95}.Debug|iPhoneSimulator.Deploy.0 = Debug|iPhoneSimulator
		{905E3FDA-3347-40C5-ABD3-1BC850B93A95}.Release|Any CPU.ActiveCfg = Release|iPhone
		{905E3FDA-3347-40C5-ABD3-1BC850B93A95}.Release|Any CPU.Build.0 = Release|iPhone
		{905E3FDA-3347-40C5-ABD3-1BC850B93A95}.Release|Any CPU.Deploy.0 = Release|iPhone
		{905E3FDA-3347-40C5-ABD3-1BC850B93A95}.Release|iPhone.ActiveCfg = Release|iPhone
		{905E3FDA-3347-40C5-ABD3-1BC850B93A95}.Release|iPhone.Build.0 = Release|iPhone
		{905E3FDA-3347-40C5-ABD3-1BC850B93A95}.Release|iPhone.Deploy.0 = Release|iPhone
		{905E3FDA-3347-40C5-ABD3-1BC850B93A95}.Release|iPhoneSimulator.ActiveCfg = Release|iPhoneSimulator
		{905E3FDA-3347-40C5-ABD3-1BC850B93A95}.Release|iPhoneSimulator.Build.0 = Release|iPhoneSimulator
		{905E3FDA-3347-40C5-ABD3-1BC850B93A95}.Release|iPhoneSimulator.Deploy.0 = Release|iPhoneSimulator
		{5C7AD5D5-F3D2-4E3A-8C11-66087EF09683}.Ad-Hoc|Any CPU.ActiveCfg = Debug|Any CPU
		{5C7AD5D5-F3D2-4E3A-8C11-66087EF09683}.Ad-Hoc|Any CPU.Build.0 = Debug|Any CPU
		{5C7AD5D5-F3D2-4E3A-8C11-66087EF09683}.Ad-Hoc|Any CPU.Deploy.0 = Debug|Any CPU
		{5C7AD5D5-F3D2-4E3A-8C11-66087EF09683}.Ad-Hoc|iPhone.ActiveCfg = Debug|Any CPU
		{5C7AD5D5-F3D2-4E3A-8C11-66087EF09683}.Ad-Hoc|iPhone.Build.0 = Debug|Any CPU
		{5C7AD5D5-F3D2-4E3A-8C11-66087EF09683}.Ad-Hoc|iPhone.Deploy.0 = Debug|Any CPU
		{5C7AD5D5-F3D2-4E3A-8C11-66087EF09683}.Ad-Hoc|iPhoneSimulator.ActiveCfg = Debug|Any CPU
		{5C7AD5D5-F3D2-4E3A-8C11-66087EF09683}.Ad-Hoc|iPhoneSimulator.Build.0 = Debug|Any CPU
		{5C7AD5D5-F3D2-4E3A-8C11-66087EF09683}.Ad-Hoc|iPhoneSimulator.Deploy.0 = Debug|Any CPU
		{5C7AD5D5-F3D2-4E3A-8C11-66087EF09683}.AppStore|Any CPU.ActiveCfg = Debug|Any CPU
		{5C7AD5D5-F3D2-4E3A-8C11-66087EF09683}.AppStore|Any CPU.Build.0 = Debug|Any CPU
		{5C7AD5D5-F3D2-4E3A-8C11-66087EF09683}.AppStore|Any CPU.Deploy.0 = Debug|Any CPU
		{5C7AD5D5-F3D2-4E3A-8C11-66087EF09683}.AppStore|iPhone.ActiveCfg = Debug|Any CPU
		{5C7AD5D5-F3D2-4E3A-8C11-66087EF09683}.AppStore|iPhone.Build.0 = Debug|Any CPU
		{5C7AD5D5-F3D2-4E3A-8C11-66087EF09683}.AppStore|iPhone.Deploy.0 = Debug|Any CPU
		{5C7AD5D5-F3D2-4E3A-8C11-66087EF09683}.AppStore|iPhoneSimulator.ActiveCfg = Debug|Any CPU
		{5C7AD5D5-F3D2-4E3A-8C11-66087EF09683}.AppStore|iPhoneSimulator.Build.0 = Debug|Any CPU
		{5C7AD5D5-F3D2-4E3A-8C11-66087EF09683}.AppStore|iPhoneSimulator.Deploy.0 = Debug|Any CPU
		{5C7AD5D5-F3D2-4E3A-8C11-66087EF09683}.Debug|Any CPU.ActiveCfg = Debug|Any CPU
		{5C7AD5D5-F3D2-4E3A-8C11-66087EF09683}.Debug|Any CPU.Build.0 = Debug|Any CPU
		{5C7AD5D5-F3D2-4E3A-8C11-66087EF09683}.Debug|Any CPU.Deploy.0 = Debug|Any CPU
		{5C7AD5D5-F3D2-4E3A-8C11-66087EF09683}.Debug|iPhone.ActiveCfg = Debug|Any CPU
		{5C7AD5D5-F3D2-4E3A-8C11-66087EF09683}.Debug|iPhone.Build.0 = Debug|Any CPU
		{5C7AD5D5-F3D2-4E3A-8C11-66087EF09683}.Debug|iPhone.Deploy.0 = Debug|Any CPU
		{5C7AD5D5-F3D2-4E3A-8C11-66087EF09683}.Debug|iPhoneSimulator.ActiveCfg = Debug|Any CPU
		{5C7AD5D5-F3D2-4E3A-8C11-66087EF09683}.Debug|iPhoneSimulator.Build.0 = Debug|Any CPU
		{5C7AD5D5-F3D2-4E3A-8C11-66087EF09683}.Debug|iPhoneSimulator.Deploy.0 = Debug|Any CPU
		{5C7AD5D5-F3D2-4E3A-8C11-66087EF09683}.Release|Any CPU.ActiveCfg = Release|Any CPU
		{5C7AD5D5-F3D2-4E3A-8C11-66087EF09683}.Release|Any CPU.Build.0 = Release|Any CPU
		{5C7AD5D5-F3D2-4E3A-8C11-66087EF09683}.Release|Any CPU.Deploy.0 = Release|Any CPU
		{5C7AD5D5-F3D2-4E3A-8C11-66087EF09683}.Release|iPhone.ActiveCfg = Release|Any CPU
		{5C7AD5D5-F3D2-4E3A-8C11-66087EF09683}.Release|iPhone.Build.0 = Release|Any CPU
		{5C7AD5D5-F3D2-4E3A-8C11-66087EF09683}.Release|iPhone.Deploy.0 = Release|Any CPU
		{5C7AD5D5-F3D2-4E3A-8C11-66087EF09683}.Release|iPhoneSimulator.ActiveCfg = Release|Any CPU
		{5C7AD5D5-F3D2-4E3A-8C11-66087EF09683}.Release|iPhoneSimulator.Build.0 = Release|Any CPU
		{5C7AD5D5-F3D2-4E3A-8C11-66087EF09683}.Release|iPhoneSimulator.Deploy.0 = Release|Any CPU
	EndGlobalSection
	GlobalSection(SolutionProperties) = preSolution
		HideSolutionNode = FALSE
	EndGlobalSection
	GlobalSection(ExtensibilityGlobals) = postSolution
		SolutionGuid = {77908BCD-710A-4B4B-BA4C-D94F8F77776C}
	EndGlobalSection
EndGlobal
